
Microsoft Visual Studio Solution File, Format Version 12.00
# Visual Studio Version 16
VisualStudioVersion = 16.0.31729.503
MinimumVisualStudioVersion = 10.0.40219.1
Project("{FAE04EC0-301F-11D3-BF4B-00C04F79EFBC}") = "Wallet Wrapper V2", "Wallet Wrapper V2\Wallet Wrapper V2.csproj", "{161F6478-A582-4D78-9771-CA14C0E8D961}"
EndProject
Global
	GlobalSection(SolutionConfigurationPlatforms) = preSolution
		Debug|Any CPU = Debug|Any CPU
		Release|Any CPU = Release|Any CPU
	EndGlobalSection
	GlobalSection(ProjectConfigurationPlatforms) = postSolution
		{161F6478-A582-4D78-9771-CA14C0E8D961}.Debug|Any CPU.ActiveCfg = Debug|Any CPU
		{161F6478-A582-4D78-9771-CA14C0E8D961}.Debug|Any CPU.Build.0 = Debug|Any CPU
		{161F6478-A582-4D78-9771-CA14C0E8D961}.Release|Any CPU.ActiveCfg = Release|Any CPU
		{161F6478-A582-4D78-9771-CA14C0E8D961}.Release|Any CPU.Build.0 = Release|Any CPU
	EndGlobalSection
	GlobalSection(SolutionProperties) = preSolution
		HideSolutionNode = FALSE
	EndGlobalSection
	GlobalSection(ExtensibilityGlobals) = postSolution
		SolutionGuid = {11D8E46C-A8C1-4FBD-A24F-EF6FD71FDAD3}
	EndGlobalSection
EndGlobal
